
Microsoft Visual Studio Solution File, Format Version 11.00
# Visual C# Express 2010
Project("{FAE04EC0-301F-11D3-BF4B-00C04F79EFBC}") = "A_Whole_SnakeWorld", "A_Whole_SnakeWorld\A_Whole_SnakeWorld\A_Whole_SnakeWorld.csproj", "{9E2128A0-13AC-4BB7-985D-8787CA3F53ED}"
EndProject
Project("{96E2B04D-8817-42C6-938A-82C39BA4D311}") = "A_Whole_SnakeWorldContent", "A_Whole_SnakeWorld\A_Whole_SnakeWorldContent\A_Whole_SnakeWorldContent.contentproj", "{F953260D-1B6E-4A07-BFFF-C464B3A25C2F}"
EndProject
Global
	GlobalSection(SolutionConfigurationPlatforms) = preSolution
		Debug|x86 = Debug|x86
		Release|x86 = Release|x86
	EndGlobalSection
	GlobalSection(ProjectConfigurationPlatforms) = postSolution
		{9E2128A0-13AC-4BB7-985D-8787CA3F53ED}.Debug|x86.ActiveCfg = Debug|x86
		{9E2128A0-13AC-4BB7-985D-8787CA3F53ED}.Debug|x86.Build.0 = Debug|x86
		{9E2128A0-13AC-4BB7-985D-8787CA3F53ED}.Release|x86.ActiveCfg = Release|x86
		{9E2128A0-13AC-4BB7-985D-8787CA3F53ED}.Release|x86.Build.0 = Release|x86
		{F953260D-1B6E-4A07-BFFF-C464B3A25C2F}.Debug|x86.ActiveCfg = Debug|x86
		{F953260D-1B6E-4A07-BFFF-C464B3A25C2F}.Release|x86.ActiveCfg = Release|x86
	EndGlobalSection
	GlobalSection(SolutionProperties) = preSolution
		HideSolutionNode = FALSE
	EndGlobalSection
EndGlobal
