
Microsoft Visual Studio Solution File, Format Version 11.00
# Visual Studio 2010
Project("{FAE04EC0-301F-11D3-BF4B-00C04F79EFBC}") = "Amulet of Ouroboros", "Amulet of Ouroboros\Amulet of Ouroboros\Amulet of Ouroboros.csproj", "{F24F5236-AEE9-48BF-9244-23DEFADE3DD4}"
EndProject
Project("{FAE04EC0-301F-11D3-BF4B-00C04F79EFBC}") = "Amulet of OuroborosContent", "Amulet of Ouroboros\Amulet of OuroborosContent\Amulet of OuroborosContent.contentproj", "{691F832B-08FF-4F45-92F3-9E6E60D75480}"
EndProject
Global
	GlobalSection(SolutionConfigurationPlatforms) = preSolution
		Debug|x86 = Debug|x86
		Release|x86 = Release|x86
	EndGlobalSection
	GlobalSection(ProjectConfigurationPlatforms) = postSolution
		{F24F5236-AEE9-48BF-9244-23DEFADE3DD4}.Debug|x86.ActiveCfg = Release|x86
		{F24F5236-AEE9-48BF-9244-23DEFADE3DD4}.Debug|x86.Build.0 = Release|x86
		{F24F5236-AEE9-48BF-9244-23DEFADE3DD4}.Release|x86.ActiveCfg = Release|x86
		{F24F5236-AEE9-48BF-9244-23DEFADE3DD4}.Release|x86.Build.0 = Release|x86
		{691F832B-08FF-4F45-92F3-9E6E60D75480}.Debug|x86.ActiveCfg = Debug|x86
		{691F832B-08FF-4F45-92F3-9E6E60D75480}.Release|x86.ActiveCfg = Release|x86
	EndGlobalSection
	GlobalSection(SolutionProperties) = preSolution
		HideSolutionNode = FALSE
	EndGlobalSection
EndGlobal
